
Microsoft Visual Studio Solution File, Format Version 12.00
# Visual Studio Version 16
VisualStudioVersion = 16.0.29009.5
MinimumVisualStudioVersion = 10.0.40219.1
Project("{FAE04EC0-301F-11D3-BF4B-00C04F79EFBC}") = "PhoneNumberSorter", "PhoneNumberSorter\PhoneNumberSorter.csproj", "{871FA930-A0D9-4ABA-A405-5CF610F9A49F}"
EndProject
Global
	GlobalSection(SolutionConfigurationPlatforms) = preSolution
		Debug|Any CPU = Debug|Any CPU
		Release|Any CPU = Release|Any CPU
	EndGlobalSection
	GlobalSection(ProjectConfigurationPlatforms) = postSolution
		{871FA930-A0D9-4ABA-A405-5CF610F9A49F}.Debug|Any CPU.ActiveCfg = Debug|Any CPU
		{871FA930-A0D9-4ABA-A405-5CF610F9A49F}.Debug|Any CPU.Build.0 = Debug|Any CPU
		{871FA930-A0D9-4ABA-A405-5CF610F9A49F}.Release|Any CPU.ActiveCfg = Release|Any CPU
		{871FA930-A0D9-4ABA-A405-5CF610F9A49F}.Release|Any CPU.Build.0 = Release|Any CPU
	EndGlobalSection
	GlobalSection(SolutionProperties) = preSolution
		HideSolutionNode = FALSE
	EndGlobalSection
	GlobalSection(ExtensibilityGlobals) = postSolution
		SolutionGuid = {BC9E4C44-86B8-4548-8FCD-A29328D94A87}
	EndGlobalSection
EndGlobal
